
Microsoft Visual Studio Solution File, Format Version 12.00
# Visual Studio 15
VisualStudioVersion = 15.0.26730.15
MinimumVisualStudioVersion = 10.0.40219.1
Project("{FAE04EC0-301F-11D3-BF4B-00C04F79EFBC}") = "MovieCatalogue", "MovieCatalogue\MovieCatalogue.csproj", "{843E3B33-DEB5-4246-9EB8-1A8DAD4BE0D8}"
EndProject
Global
	GlobalSection(SolutionConfigurationPlatforms) = preSolution
		Debug|Any CPU = Debug|Any CPU
		Release|Any CPU = Release|Any CPU
	EndGlobalSection
	GlobalSection(ProjectConfigurationPlatforms) = postSolution
		{843E3B33-DEB5-4246-9EB8-1A8DAD4BE0D8}.Debug|Any CPU.ActiveCfg = Debug|Any CPU
		{843E3B33-DEB5-4246-9EB8-1A8DAD4BE0D8}.Debug|Any CPU.Build.0 = Debug|Any CPU
		{843E3B33-DEB5-4246-9EB8-1A8DAD4BE0D8}.Release|Any CPU.ActiveCfg = Release|Any CPU
		{843E3B33-DEB5-4246-9EB8-1A8DAD4BE0D8}.Release|Any CPU.Build.0 = Release|Any CPU
	EndGlobalSection
	GlobalSection(SolutionProperties) = preSolution
		HideSolutionNode = FALSE
	EndGlobalSection
	GlobalSection(ExtensibilityGlobals) = postSolution
		SolutionGuid = {C8793863-B667-45BB-A0F4-CFC998186987}
	EndGlobalSection
EndGlobal
